
Microsoft Visual Studio Solution File, Format Version 12.00
# Visual Studio 2017
Project("{FAE04EC0-301F-11D3-BF4B-00C04F79EFBC}") = "Projet test Unity", "Projet test Unity.csproj", "{DC76E2A3-4CDA-31FC-B9B1-DABE8F296EE9}"
EndProject
Project("{FAE04EC0-301F-11D3-BF4B-00C04F79EFBC}") = "Projet test Unity.Editor", "Projet test Unity.Editor.csproj", "{C6148410-752D-4859-B7F8-79BBD164388A}"
EndProject
Global
	GlobalSection(SolutionConfigurationPlatforms) = preSolution
		Debug|Any CPU = Debug|Any CPU
		Release|Any CPU = Release|Any CPU
	EndGlobalSection
	GlobalSection(ProjectConfigurationPlatforms) = postSolution
		{DC76E2A3-4CDA-31FC-B9B1-DABE8F296EE9}.Debug|Any CPU.ActiveCfg = Debug|Any CPU
		{DC76E2A3-4CDA-31FC-B9B1-DABE8F296EE9}.Debug|Any CPU.Build.0 = Debug|Any CPU
		{DC76E2A3-4CDA-31FC-B9B1-DABE8F296EE9}.Release|Any CPU.ActiveCfg = Release|Any CPU
		{DC76E2A3-4CDA-31FC-B9B1-DABE8F296EE9}.Release|Any CPU.Build.0 = Release|Any CPU
		{C6148410-752D-4859-B7F8-79BBD164388A}.Debug|Any CPU.ActiveCfg = Debug|Any CPU
		{C6148410-752D-4859-B7F8-79BBD164388A}.Debug|Any CPU.Build.0 = Debug|Any CPU
		{C6148410-752D-4859-B7F8-79BBD164388A}.Release|Any CPU.ActiveCfg = Release|Any CPU
		{C6148410-752D-4859-B7F8-79BBD164388A}.Release|Any CPU.Build.0 = Release|Any CPU
	EndGlobalSection
	GlobalSection(SolutionProperties) = preSolution
		HideSolutionNode = FALSE
	EndGlobalSection
EndGlobal
